// !$*UTF8*$!
{
	archiveVersion = 1;
	classes = {
	};
	objectVersion = 56;
	objects = {

/* Begin PBXBuildFile section */
		5A8D9095292961CB0076F545 /* AppDelegate.swift in Sources */ = {isa = PBXBuildFile; fileRef = 5A8D9094292961CB0076F545 /* AppDelegate.swift */; };
		5A8D9097292961CB0076F545 /* SceneDelegate.swift in Sources */ = {isa = PBXBuildFile; fileRef = 5A8D9096292961CB0076F545 /* SceneDelegate.swift */; };
		5A8D9099292961CB0076F545 /* ViewController.swift in Sources */ = {isa = PBXBuildFile; fileRef = 5A8D9098292961CB0076F545 /* ViewController.swift */; };
		5A8D909C292961CB0076F545 /* Main.storyboard in Resources */ = {isa = PBXBuildFile; fileRef = 5A8D909A292961CB0076F545 /* Main.storyboard */; };
		5A8D909E292961CD0076F545 /* Assets.xcassets in Resources */ = {isa = PBXBuildFile; fileRef = 5A8D909D292961CD0076F545 /* Assets.xcassets */; };
		5A8D90A1292961CD0076F545 /* LaunchScreen.storyboard in Resources */ = {isa = PBXBuildFile; fileRef = 5A8D909F292961CD0076F545 /* LaunchScreen.storyboard */; };
		5A8D90AC292961CE0076F545 /* Lab5Tests.swift in Sources */ = {isa = PBXBuildFile; fileRef = 5A8D90AB292961CE0076F545 /* Lab5Tests.swift */; };
		5A8D90B6292961CE0076F545 /* Lab5UITests.swift in Sources */ = {isa = PBXBuildFile; fileRef = 5A8D90B5292961CE0076F545 /* Lab5UITests.swift */; };
		5A8D90B8292961CE0076F545 /* Lab5UITestsLaunchTests.swift in Sources */ = {isa = PBXBuildFile; fileRef = 5A8D90B7292961CE0076F545 /* Lab5UITestsLaunchTests.swift */; };
/* End PBXBuildFile section */

/* Begin PBXContainerItemProxy section */
		5A8D90A8292961CE0076F545 /* PBXContainerItemProxy */ = {
			isa = PBXContainerItemProxy;
			containerPortal = 5A8D9089292961CB0076F545 /* Project object */;
			proxyType = 1;
			remoteGlobalIDString = 5A8D9090292961CB0076F545;
			remoteInfo = Lab5;
		};
		5A8D90B2292961CE0076F545 /* PBXContainerItemProxy */ = {
			isa = PBXContainerItemProxy;
			containerPortal = 5A8D9089292961CB0076F545 /* Project object */;
			proxyType = 1;
			remoteGlobalIDString = 5A8D9090292961CB0076F545;
			remoteInfo = Lab5;
		};
/* End PBXContainerItemProxy section */

/* Begin PBXFileReference section */
		5A8D9091292961CB0076F545 /* Lab5.app */ = {isa = PBXFileReference; explicitFileType = wrapper.application; includeInIndex = 0; path = Lab5.app; sourceTree = BUILT_PRODUCTS_DIR; };
		5A8D9094292961CB0076F545 /* AppDelegate.swift */ = {isa = PBXFileReference; lastKnownFileType = sourcecode.swift; path = AppDelegate.swift; sourceTree = "<group>"; };
		5A8D9096292961CB0076F545 /* SceneDelegate.swift */ = {isa = PBXFileReference; lastKnownFileType = sourcecode.swift; path = SceneDelegate.swift; sourceTree = "<group>"; };
		5A8D9098292961CB0076F545 /* ViewController.swift */ = {isa = PBXFileReference; lastKnownFileType = sourcecode.swift; path = ViewController.swift; sourceTree = "<group>"; };
		5A8D909B292961CB0076F545 /* Base */ = {isa = PBXFileReference; lastKnownFileType = file.storyboard; name = Base; path = Base.lproj/Main.storyboard; sourceTree = "<group>"; };
		5A8D909D292961CD0076F545 /* Assets.xcassets */ = {isa = PBXFileReference; lastKnownFileType = folder.assetcatalog; path = Assets.xcassets; sourceTree = "<group>"; };
		5A8D90A0292961CD0076F545 /* Base */ = {isa = PBXFileReference; lastKnownFileType = file.storyboard; name = Base; path = Base.lproj/LaunchScreen.storyboard; sourceTree = "<group>"; };
		5A8D90A2292961CD0076F545 /* Info.plist */ = {isa = PBXFileReference; lastKnownFileType = text.plist.xml; path = Info.plist; sourceTree = "<group>"; };
		5A8D90A7292961CE0076F545 /* Lab5Tests.xctest */ = {isa = PBXFileReference; explicitFileType = wrapper.cfbundle; includeInIndex = 0; path = Lab5Tests.xctest; sourceTree = BUILT_PRODUCTS_DIR; };
		5A8D90AB292961CE0076F545 /* Lab5Tests.swift */ = {isa = PBXFileReference; lastKnownFileType = sourcecode.swift; path = Lab5Tests.swift; sourceTree = "<group>"; };
		5A8D90B1292961CE0076F545 /* Lab5UITests.xctest */ = {isa = PBXFileReference; explicitFileType = wrapper.cfbundle; includeInIndex = 0; path = Lab5UITests.xctest; sourceTree = BUILT_PRODUCTS_DIR; };
		5A8D90B5292961CE0076F545 /* Lab5UITests.swift */ = {isa = PBXFileReference; lastKnownFileType = sourcecode.swift; path = Lab5UITests.swift; sourceTree = "<group>"; };
		5A8D90B7292961CE0076F545 /* Lab5UITestsLaunchTests.swift */ = {isa = PBXFileReference; lastKnownFileType = sourcecode.swift; path = Lab5UITestsLaunchTests.swift; sourceTree = "<group>"; };
/* End PBXFileReference section */

/* Begin PBXFrameworksBuildPhase section */
		5A8D908E292961CB0076F545 /* Frameworks */ = {
			isa = PBXFrameworksBuildPhase;
			buildActionMask = 2147483647;
			files = (
			);
			runOnlyForDeploymentPostprocessing = 0;
		};
		5A8D90A4292961CE0076F545 /* Frameworks */ = {
			isa = PBXFrameworksBuildPhase;
			buildActionMask = 2147483647;
			files = (
			);
			runOnlyForDeploymentPostprocessing = 0;
		};
		5A8D90AE292961CE0076F545 /* Frameworks */ = {
			isa = PBXFrameworksBuildPhase;
			buildActionMask = 2147483647;
			files = (
			);
			runOnlyForDeploymentPostprocessing = 0;
		};
/* End PBXFrameworksBuildPhase section */

/* Begin PBXGroup section */
		5A8D9088292961CB0076F545 = {
			isa = PBXGroup;
			children = (
				5A8D9093292961CB0076F545 /* Lab5 */,
				5A8D90AA292961CE0076F545 /* Lab5Tests */,
				5A8D90B4292961CE0076F545 /* Lab5UITests */,
				5A8D9092292961CB0076F545 /* Products */,
			);
			sourceTree = "<group>";
		};
		5A8D9092292961CB0076F545 /* Products */ = {
			isa = PBXGroup;
			children = (
				5A8D9091292961CB0076F545 /* Lab5.app */,
				5A8D90A7292961CE0076F545 /* Lab5Tests.xctest */,
				5A8D90B1292961CE0076F545 /* Lab5UITests.xctest */,
			);
			name = Products;
			sourceTree = "<group>";
		};
		5A8D9093292961CB0076F545 /* Lab5 */ = {
			isa = PBXGroup;
			children = (
				5A8D9094292961CB0076F545 /* AppDelegate.swift */,
				5A8D9096292961CB0076F545 /* SceneDelegate.swift */,
				5A8D9098292961CB0076F545 /* ViewController.swift */,
				5A8D909A292961CB0076F545 /* Main.storyboard */,
				5A8D909D292961CD0076F545 /* Assets.xcassets */,
				5A8D909F292961CD0076F545 /* LaunchScreen.storyboard */,
				5A8D90A2292961CD0076F545 /* Info.plist */,
			);
			path = Lab5;
			sourceTree = "<group>";
		};
		5A8D90AA292961CE0076F545 /* Lab5Tests */ = {
			isa = PBXGroup;
			children = (
				5A8D90AB292961CE0076F545 /* Lab5Tests.swift */,
			);
			path = Lab5Tests;
			sourceTree = "<group>";
		};
		5A8D90B4292961CE0076F545 /* Lab5UITests */ = {
			isa = PBXGroup;
			children = (
				5A8D90B5292961CE0076F545 /* Lab5UITests.swift */,
				5A8D90B7292961CE0076F545 /* Lab5UITestsLaunchTests.swift */,
			);
			path = Lab5UITests;
			sourceTree = "<group>";
		};
/* End PBXGroup section */

/* Begin PBXNativeTarget section */
		5A8D9090292961CB0076F545 /* Lab5 */ = {
			isa = PBXNativeTarget;
			buildConfigurationList = 5A8D90BB292961CE0076F545 /* Build configuration list for PBXNativeTarget "Lab5" */;
			buildPhases = (
				5A8D908D292961CB0076F545 /* Sources */,
				5A8D908E292961CB0076F545 /* Frameworks */,
				5A8D908F292961CB0076F545 /* Resources */,
			);
			buildRules = (
			);
			dependencies = (
			);
			name = Lab5;
			productName = Lab5;
			productReference = 5A8D9091292961CB0076F545 /* Lab5.app */;
			productType = "com.apple.product-type.application";
		};
		5A8D90A6292961CE0076F545 /* Lab5Tests */ = {
			isa = PBXNativeTarget;
			buildConfigurationList = 5A8D90BE292961CE0076F545 /* Build configuration list for PBXNativeTarget "Lab5Tests" */;
			buildPhases = (
				5A8D90A3292961CE0076F545 /* Sources */,
				5A8D90A4292961CE0076F545 /* Frameworks */,
				5A8D90A5292961CE0076F545 /* Resources */,
			);
			buildRules = (
			);
			dependencies = (
				5A8D90A9292961CE0076F545 /* PBXTargetDependency */,
			);
			name = Lab5Tests;
			productName = Lab5Tests;
			productReference = 5A8D90A7292961CE0076F545 /* Lab5Tests.xctest */;
			productType = "com.apple.product-type.bundle.unit-test";
		};
		5A8D90B0292961CE0076F545 /* Lab5UITests */ = {
			isa = PBXNativeTarget;
			buildConfigurationList = 5A8D90C1292961CE0076F545 /* Build configuration list for PBXNativeTarget "Lab5UITests" */;
			buildPhases = (
				5A8D90AD292961CE0076F545 /* Sources */,
				5A8D90AE292961CE0076F545 /* Frameworks */,
				5A8D90AF292961CE0076F545 /* Resources */,
			);
			buildRules = (
			);
			dependencies = (
				5A8D90B3292961CE0076F545 /* PBXTargetDependency */,
			);
			name = Lab5UITests;
			productName = Lab5UITests;
			productReference = 5A8D90B1292961CE0076F545 /* Lab5UITests.xctest */;
			productType = "com.apple.product-type.bundle.ui-testing";
		};
/* End PBXNativeTarget section */

/* Begin PBXProject section */
		5A8D9089292961CB0076F545 /* Project object */ = {
			isa = PBXProject;
			attributes = {
				BuildIndependentTargetsInParallel = 1;
				LastSwiftUpdateCheck = 1410;
				LastUpgradeCheck = 1410;
				TargetAttributes = {
					5A8D9090292961CB0076F545 = {
						CreatedOnToolsVersion = 14.1;
					};
					5A8D90A6292961CE0076F545 = {
						CreatedOnToolsVersion = 14.1;
						TestTargetID = 5A8D9090292961CB0076F545;
					};
					5A8D90B0292961CE0076F545 = {
						CreatedOnToolsVersion = 14.1;
						TestTargetID = 5A8D9090292961CB0076F545;
					};
				};
			};
			buildConfigurationList = 5A8D908C292961CB0076F545 /* Build configuration list for PBXProject "Lab5" */;
			compatibilityVersion = "Xcode 14.0";
			developmentRegion = en;
			hasScannedForEncodings = 0;
			knownRegions = (
				en,
				Base,
			);
			mainGroup = 5A8D9088292961CB0076F545;
			productRefGroup = 5A8D9092292961CB0076F545 /* Products */;
			projectDirPath = "";
			projectRoot = "";
			targets = (
				5A8D9090292961CB0076F545 /* Lab5 */,
				5A8D90A6292961CE0076F545 /* Lab5Tests */,
				5A8D90B0292961CE0076F545 /* Lab5UITests */,
			);
		};
/* End PBXProject section */

/* Begin PBXResourcesBuildPhase section */
		5A8D908F292961CB0076F545 /* Resources */ = {
			isa = PBXResourcesBuildPhase;
			buildActionMask = 2147483647;
			files = (
				5A8D90A1292961CD0076F545 /* LaunchScreen.storyboard in Resources */,
				5A8D909E292961CD0076F545 /* Assets.xcassets in Resources */,
				5A8D909C292961CB0076F545 /* Main.storyboard in Resources */,
			);
			runOnlyForDeploymentPostprocessing = 0;
		};
		5A8D90A5292961CE0076F545 /* Resources */ = {
			isa = PBXResourcesBuildPhase;
			buildActionMask = 2147483647;
			files = (
			);
			runOnlyForDeploymentPostprocessing = 0;
		};
		5A8D90AF292961CE0076F545 /* Resources */ = {
			isa = PBXResourcesBuildPhase;
			buildActionMask = 2147483647;
			files = (
			);
			runOnlyForDeploymentPostprocessing = 0;
		};
/* End PBXResourcesBuildPhase section */

/* Begin PBXSourcesBuildPhase section */
		5A8D908D292961CB0076F545 /* Sources */ = {
			isa = PBXSourcesBuildPhase;
			buildActionMask = 2147483647;
			files = (
				5A8D9099292961CB0076F545 /* ViewController.swift in Sources */,
				5A8D9095292961CB0076F545 /* AppDelegate.swift in Sources */,
				5A8D9097292961CB0076F545 /* SceneDelegate.swift in Sources */,
			);
			runOnlyForDeploymentPostprocessing = 0;
		};
		5A8D90A3292961CE0076F545 /* Sources */ = {
			isa = PBXSourcesBuildPhase;
			buildActionMask = 2147483647;
			files = (
				5A8D90AC292961CE0076F545 /* Lab5Tests.swift in Sources */,
			);
			runOnlyForDeploymentPostprocessing = 0;
		};
		5A8D90AD292961CE0076F545 /* Sources */ = {
			isa = PBXSourcesBuildPhase;
			buildActionMask = 2147483647;
			files = (
				5A8D90B8292961CE0076F545 /* Lab5UITestsLaunchTests.swift in Sources */,
				5A8D90B6292961CE0076F545 /* Lab5UITests.swift in Sources */,
			);
			runOnlyForDeploymentPostprocessing = 0;
		};
/* End PBXSourcesBuildPhase section */

/* Begin PBXTargetDependency section */
		5A8D90A9292961CE0076F545 /* PBXTargetDependency */ = {
			isa = PBXTargetDependency;
			target = 5A8D9090292961CB0076F545 /* Lab5 */;
			targetProxy = 5A8D90A8292961CE0076F545 /* PBXContainerItemProxy */;
		};
		5A8D90B3292961CE0076F545 /* PBXTargetDependency */ = {
			isa = PBXTargetDependency;
			target = 5A8D9090292961CB0076F545 /* Lab5 */;
			targetProxy = 5A8D90B2292961CE0076F545 /* PBXContainerItemProxy */;
		};
/* End PBXTargetDependency section */

/* Begin PBXVariantGroup section */
		5A8D909A292961CB0076F545 /* Main.storyboard */ = {
			isa = PBXVariantGroup;
			children = (
				5A8D909B292961CB0076F545 /* Base */,
			);
			name = Main.storyboard;
			sourceTree = "<group>";
		};
		5A8D909F292961CD0076F545 /* LaunchScreen.storyboard */ = {
			isa = PBXVariantGroup;
			children = (
				5A8D90A0292961CD0076F545 /* Base */,
			);
			name = LaunchScreen.storyboard;
			sourceTree = "<group>";
		};
/* End PBXVariantGroup section */

/* Begin XCBuildConfiguration section */
		5A8D90B9292961CE0076F545 /* Debug */ = {
			isa = XCBuildConfiguration;
			buildSettings = {
				ALWAYS_SEARCH_USER_PATHS = NO;
				CLANG_ANALYZER_NONNULL = YES;
				CLANG_ANALYZER_NUMBER_OBJECT_CONVERSION = YES_AGGRESSIVE;
				CLANG_CXX_LANGUAGE_STANDARD = "gnu++20";
				CLANG_ENABLE_MODULES = YES;
				CLANG_ENABLE_OBJC_ARC = YES;
				CLANG_ENABLE_OBJC_WEAK = YES;
				CLANG_WARN_BLOCK_CAPTURE_AUTORELEASING = YES;
				CLANG_WARN_BOOL_CONVERSION = YES;
				CLANG_WARN_COMMA = YES;
				CLANG_WARN_CONSTANT_CONVERSION = YES;
				CLANG_WARN_DEPRECATED_OBJC_IMPLEMENTATIONS = YES;
				CLANG_WARN_DIRECT_OBJC_ISA_USAGE = YES_ERROR;
				CLANG_WARN_DOCUMENTATION_COMMENTS = YES;
				CLANG_WARN_EMPTY_BODY = YES;
				CLANG_WARN_ENUM_CONVERSION = YES;
				CLANG_WARN_INFINITE_RECURSION = YES;
				CLANG_WARN_INT_CONVERSION = YES;
				CLANG_WARN_NON_LITERAL_NULL_CONVERSION = YES;
				CLANG_WARN_OBJC_IMPLICIT_RETAIN_SELF = YES;
				CLANG_WARN_OBJC_LITERAL_CONVERSION = YES;
				CLANG_WARN_OBJC_ROOT_CLASS = YES_ERROR;
				CLANG_WARN_QUOTED_INCLUDE_IN_FRAMEWORK_HEADER = YES;
				CLANG_WARN_RANGE_LOOP_ANALYSIS = YES;
				CLANG_WARN_STRICT_PROTOTYPES = YES;
				CLANG_WARN_SUSPICIOUS_MOVE = YES;
				CLANG_WARN_UNGUARDED_AVAILABILITY = YES_AGGRESSIVE;
				CLANG_WARN_UNREACHABLE_CODE = YES;
				CLANG_WARN__DUPLICATE_METHOD_MATCH = YES;
				COPY_PHASE_STRIP = NO;
				DEBUG_INFORMATION_FORMAT = dwarf;
				ENABLE_STRICT_OBJC_MSGSEND = YES;
				ENABLE_TESTABILITY = YES;
				GCC_C_LANGUAGE_STANDARD = gnu11;
				GCC_DYNAMIC_NO_PIC = NO;
				GCC_NO_COMMON_BLOCKS = YES;
				GCC_OPTIMIZATION_LEVEL = 0;
				GCC_PREPROCESSOR_DEFINITIONS = (
					"DEBUG=1",
					"$(inherited)",
				);
				GCC_WARN_64_TO_32_BIT_CONVERSION = YES;
				GCC_WARN_ABOUT_RETURN_TYPE = YES_ERROR;
				GCC_WARN_UNDECLARED_SELECTOR = YES;
				GCC_WARN_UNINITIALIZED_AUTOS = YES_AGGRESSIVE;
				GCC_WARN_UNUSED_FUNCTION = YES;
				GCC_WARN_UNUSED_VARIABLE = YES;
				IPHONEOS_DEPLOYMENT_TARGET = 16.1;
				MTL_ENABLE_DEBUG_INFO = INCLUDE_SOURCE;
				MTL_FAST_MATH = YES;
				ONLY_ACTIVE_ARCH = YES;
				SDKROOT = iphoneos;
				SWIFT_ACTIVE_COMPILATION_CONDITIONS = DEBUG;
				SWIFT_OPTIMIZATION_LEVEL = "-Onone";
			};
			name = Debug;
		};
		5A8D90BA292961CE0076F545 /* Release */ = {
			isa = XCBuildConfiguration;
			buildSettings = {
				ALWAYS_SEARCH_USER_PATHS = NO;
				CLANG_ANALYZER_NONNULL = YES;
				CLANG_ANALYZER_NUMBER_OBJECT_CONVERSION = YES_AGGRESSIVE;
				CLANG_CXX_LANGUAGE_STANDARD = "gnu++20";
				CLANG_ENABLE_MODULES = YES;
				CLANG_ENABLE_OBJC_ARC = YES;
				CLANG_ENABLE_OBJC_WEAK = YES;
				CLANG_WARN_BLOCK_CAPTURE_AUTORELEASING = YES;
				CLANG_WARN_BOOL_CONVERSION = YES;
				CLANG_WARN_COMMA = YES;
				CLANG_WARN_CONSTANT_CONVERSION = YES;
				CLANG_WARN_DEPRECATED_OBJC_IMPLEMENTATIONS = YES;
				CLANG_WARN_DIRECT_OBJC_ISA_USAGE = YES_ERROR;
				CLANG_WARN_DOCUMENTATION_COMMENTS = YES;
				CLANG_WARN_EMPTY_BODY = YES;
				CLANG_WARN_ENUM_CONVERSION = YES;
				CLANG_WARN_INFINITE_RECURSION = YES;
				CLANG_WARN_INT_CONVERSION = YES;
				CLANG_WARN_NON_LITERAL_NULL_CONVERSION = YES;
				CLANG_WARN_OBJC_IMPLICIT_RETAIN_SELF = YES;
				CLANG_WARN_OBJC_LITERAL_CONVERSION = YES;
				CLANG_WARN_OBJC_ROOT_CLASS = YES_ERROR;
				CLANG_WARN_QUOTED_INCLUDE_IN_FRAMEWORK_HEADER = YES;
				CLANG_WARN_RANGE_LOOP_ANALYSIS = YES;
				CLANG_WARN_STRICT_PROTOTYPES = YES;
				CLANG_WARN_SUSPICIOUS_MOVE = YES;
				CLANG_WARN_UNGUARDED_AVAILABILITY = YES_AGGRESSIVE;
				CLANG_WARN_UNREACHABLE_CODE = YES;
				CLANG_WARN__DUPLICATE_METHOD_MATCH = YES;
				COPY_PHASE_STRIP = NO;
				DEBUG_INFORMATION_FORMAT = "dwarf-with-dsym";
				ENABLE_NS_ASSERTIONS = NO;
				ENABLE_STRICT_OBJC_MSGSEND = YES;
				GCC_C_LANGUAGE_STANDARD = gnu11;
				GCC_NO_COMMON_BLOCKS = YES;
				GCC_WARN_64_TO_32_BIT_CONVERSION = YES;
				GCC_WARN_ABOUT_RETURN_TYPE = YES_ERROR;
				GCC_WARN_UNDECLARED_SELECTOR = YES;
				GCC_WARN_UNINITIALIZED_AUTOS = YES_AGGRESSIVE;
				GCC_WARN_UNUSED_FUNCTION = YES;
				GCC_WARN_UNUSED_VARIABLE = YES;
				IPHONEOS_DEPLOYMENT_TARGET = 16.1;
				MTL_ENABLE_DEBUG_INFO = NO;
				MTL_FAST_MATH = YES;
				SDKROOT = iphoneos;
				SWIFT_COMPILATION_MODE = wholemodule;
				SWIFT_OPTIMIZATION_LEVEL = "-O";
				VALIDATE_PRODUCT = YES;
			};
			name = Release;
		};
		5A8D90BC292961CE0076F545 /* Debug */ = {
			isa = XCBuildConfiguration;
			buildSettings = {
				ASSETCATALOG_COMPILER_APPICON_NAME = AppIcon;
				ASSETCATALOG_COMPILER_GLOBAL_ACCENT_COLOR_NAME = AccentColor;
				CODE_SIGN_STYLE = Automatic;
				CURRENT_PROJECT_VERSION = 1;
				GENERATE_INFOPLIST_FILE = YES;
				INFOPLIST_FILE = Lab5/Info.plist;
				INFOPLIST_KEY_UIApplicationSupportsIndirectInputEvents = YES;
				INFOPLIST_KEY_UILaunchStoryboardName = LaunchScreen;
				INFOPLIST_KEY_UIMainStoryboardFile = Main;
				INFOPLIST_KEY_UISupportedInterfaceOrientations_iPad = "UIInterfaceOrientationPortrait UIInterfaceOrientationPortraitUpsideDown UIInterfaceOrientationLandscapeLeft UIInterfaceOrientationLandscapeRight";
				INFOPLIST_KEY_UISupportedInterfaceOrientations_iPhone = "UIInterfaceOrientationPortrait UIInterfaceOrientationLandscapeLeft UIInterfaceOrientationLandscapeRight";
				LD_RUNPATH_SEARCH_PATHS = (
					"$(inherited)",
					"@executable_path/Frameworks",
				);
				MARKETING_VERSION = 1.0;
				PRODUCT_BUNDLE_IDENTIFIER = centennialcollege.Lab5;
				PRODUCT_NAME = "$(TARGET_NAME)";
				SWIFT_EMIT_LOC_STRINGS = YES;
				SWIFT_VERSION = 5.0;
				TARGETED_DEVICE_FAMILY = "1,2";
			};
			name = Debug;
		};
		5A8D90BD292961CE0076F545 /* Release */ = {
			isa = XCBuildConfiguration;
			buildSettings = {
				ASSETCATALOG_COMPILER_APPICON_NAME = AppIcon;
				ASSETCATALOG_COMPILER_GLOBAL_ACCENT_COLOR_NAME = AccentColor;
				CODE_SIGN_STYLE = Automatic;
				CURRENT_PROJECT_VERSION = 1;
				GENERATE_INFOPLIST_FILE = YES;
				INFOPLIST_FILE = Lab5/Info.plist;
				INFOPLIST_KEY_UIApplicationSupportsIndirectInputEvents = YES;
				INFOPLIST_KEY_UILaunchStoryboardName = LaunchScreen;
				INFOPLIST_KEY_UIMainStoryboardFile = Main;
				INFOPLIST_KEY_UISupportedInterfaceOrientations_iPad = "UIInterfaceOrientationPortrait UIInterfaceOrientationPortraitUpsideDown UIInterfaceOrientationLandscapeLeft UIInterfaceOrientationLandscapeRight";
				INFOPLIST_KEY_UISupportedInterfaceOrientations_iPhone = "UIInterfaceOrientationPortrait UIInterfaceOrientationLandscapeLeft UIInterfaceOrientationLandscapeRight";
				LD_RUNPATH_SEARCH_PATHS = (
					"$(inherited)",
					"@executable_path/Frameworks",
				);
				MARKETING_VERSION = 1.0;
				PRODUCT_BUNDLE_IDENTIFIER = centennialcollege.Lab5;
				PRODUCT_NAME = "$(TARGET_NAME)";
				SWIFT_EMIT_LOC_STRINGS = YES;
				SWIFT_VERSION = 5.0;
				TARGETED_DEVICE_FAMILY = "1,2";
			};
			name = Release;
		};
		5A8D90BF292961CE0076F545 /* Debug */ = {
			isa = XCBuildConfiguration;
			buildSettings = {
				ALWAYS_EMBED_SWIFT_STANDARD_LIBRARIES = YES;
				BUNDLE_LOADER = "$(TEST_HOST)";
				CODE_SIGN_STYLE = Automatic;
				CURRENT_PROJECT_VERSION = 1;
				GENERATE_INFOPLIST_FILE = YES;
				IPHONEOS_DEPLOYMENT_TARGET = 16.1;
				MARKETING_VERSION = 1.0;
				PRODUCT_BUNDLE_IDENTIFIER = centennialcollege.Lab5Tests;
				PRODUCT_NAME = "$(TARGET_NAME)";
				SWIFT_EMIT_LOC_STRINGS = NO;
				SWIFT_VERSION = 5.0;
				TARGETED_DEVICE_FAMILY = "1,2";
				TEST_HOST = "$(BUILT_PRODUCTS_DIR)/Lab5.app/$(BUNDLE_EXECUTABLE_FOLDER_PATH)/Lab5";
			};
			name = Debug;
		};
		5A8D90C0292961CE0076F545 /* Release */ = {
			isa = XCBuildConfiguration;
			buildSettings = {
				ALWAYS_EMBED_SWIFT_STANDARD_LIBRARIES = YES;
				BUNDLE_LOADER = "$(TEST_HOST)";
				CODE_SIGN_STYLE = Automatic;
				CURRENT_PROJECT_VERSION = 1;
				GENERATE_INFOPLIST_FILE = YES;
				IPHONEOS_DEPLOYMENT_TARGET = 16.1;
				MARKETING_VERSION = 1.0;
				PRODUCT_BUNDLE_IDENTIFIER = centennialcollege.Lab5Tests;
				PRODUCT_NAME = "$(TARGET_NAME)";
				SWIFT_EMIT_LOC_STRINGS = NO;
				SWIFT_VERSION = 5.0;
				TARGETED_DEVICE_FAMILY = "1,2";
				TEST_HOST = "$(BUILT_PRODUCTS_DIR)/Lab5.app/$(BUNDLE_EXECUTABLE_FOLDER_PATH)/Lab5";
			};
			name = Release;
		};
		5A8D90C2292961CE0076F545 /* Debug */ = {
			isa = XCBuildConfiguration;
			buildSettings = {
				ALWAYS_EMBED_SWIFT_STANDARD_LIBRARIES = YES;
				CODE_SIGN_STYLE = Automatic;
				CURRENT_PROJECT_VERSION = 1;
				GENERATE_INFOPLIST_FILE = YES;
				MARKETING_VERSION = 1.0;
				PRODUCT_BUNDLE_IDENTIFIER = centennialcollege.Lab5UITests;
				PRODUCT_NAME = "$(TARGET_NAME)";
				SWIFT_EMIT_LOC_STRINGS = NO;
				SWIFT_VERSION = 5.0;
				TARGETED_DEVICE_FAMILY = "1,2";
				TEST_TARGET_NAME = Lab5;
			};
			name = Debug;
		};
		5A8D90C3292961CE0076F545 /* Release */ = {
			isa = XCBuildConfiguration;
			buildSettings = {
				ALWAYS_EMBED_SWIFT_STANDARD_LIBRARIES = YES;
				CODE_SIGN_STYLE = Automatic;
				CURRENT_PROJECT_VERSION = 1;
				GENERATE_INFOPLIST_FILE = YES;
				MARKETING_VERSION = 1.0;
				PRODUCT_BUNDLE_IDENTIFIER = centennialcollege.Lab5UITests;
				PRODUCT_NAME = "$(TARGET_NAME)";
				SWIFT_EMIT_LOC_STRINGS = NO;
				SWIFT_VERSION = 5.0;
				TARGETED_DEVICE_FAMILY = "1,2";
				TEST_TARGET_NAME = Lab5;
			};
			name = Release;
		};
/* End XCBuildConfiguration section */

/* Begin XCConfigurationList section */
		5A8D908C292961CB0076F545 /* Build configuration list for PBXProject "Lab5" */ = {
			isa = XCConfigurationList;
			buildConfigurations = (
				5A8D90B9292961CE0076F545 /* Debug */,
				5A8D90BA292961CE0076F545 /* Release */,
			);
			defaultConfigurationIsVisible = 0;
			defaultConfigurationName = Release;
		};
		5A8D90BB292961CE0076F545 /* Build configuration list for PBXNativeTarget "Lab5" */ = {
			isa = XCConfigurationList;
			buildConfigurations = (
				5A8D90BC292961CE0076F545 /* Debug */,
				5A8D90BD292961CE0076F545 /* Release */,
			);
			defaultConfigurationIsVisible = 0;
			defaultConfigurationName = Release;
		};
		5A8D90BE292961CE0076F545 /* Build configuration list for PBXNativeTarget "Lab5Tests" */ = {
			isa = XCConfigurationList;
			buildConfigurations = (
				5A8D90BF292961CE0076F545 /* Debug */,
				5A8D90C0292961CE0076F545 /* Release */,
			);
			defaultConfigurationIsVisible = 0;
			defaultConfigurationName = Release;
		};
		5A8D90C1292961CE0076F545 /* Build configuration list for PBXNativeTarget "Lab5UITests" */ = {
			isa = XCConfigurationList;
			buildConfigurations = (
				5A8D90C2292961CE0076F545 /* Debug */,
				5A8D90C3292961CE0076F545 /* Release */,
			);
			defaultConfigurationIsVisible = 0;
			defaultConfigurationName = Release;
		};
/* End XCConfigurationList section */
	};
	rootObject = 5A8D9089292961CB0076F545 /* Project object */;
}
